
Microsoft Visual Studio Solution File, Format Version 12.00
# Visual Studio Version 17
VisualStudioVersion = 17.4.33213.308
MinimumVisualStudioVersion = 10.0.40219.1
Project("{FAE04EC0-301F-11D3-BF4B-00C04F79EFBC}") = "dndAPI", "dndAPI\dndAPI.csproj", "{20729967-7D36-4C77-94CD-9B750E260702}"
EndProject
Global
	GlobalSection(SolutionConfigurationPlatforms) = preSolution
		Debug|Any CPU = Debug|Any CPU
		Release|Any CPU = Release|Any CPU
	EndGlobalSection
	GlobalSection(ProjectConfigurationPlatforms) = postSolution
		{20729967-7D36-4C77-94CD-9B750E260702}.Debug|Any CPU.ActiveCfg = Debug|Any CPU
		{20729967-7D36-4C77-94CD-9B750E260702}.Debug|Any CPU.Build.0 = Debug|Any CPU
		{20729967-7D36-4C77-94CD-9B750E260702}.Release|Any CPU.ActiveCfg = Release|Any CPU
		{20729967-7D36-4C77-94CD-9B750E260702}.Release|Any CPU.Build.0 = Release|Any CPU
	EndGlobalSection
	GlobalSection(SolutionProperties) = preSolution
		HideSolutionNode = FALSE
	EndGlobalSection
	GlobalSection(ExtensibilityGlobals) = postSolution
		SolutionGuid = {EA390F51-2572-4CEA-BAA6-3A9505A47B76}
	EndGlobalSection
EndGlobal
