
Microsoft Visual Studio Solution File, Format Version 12.00
# Visual Studio Version 16
VisualStudioVersion = 16.0.33214.272
MinimumVisualStudioVersion = 10.0.40219.1
Project("{FAE04EC0-301F-11D3-BF4B-00C04F79EFBC}") = "dndAPI", "dndAPI\dndAPI.csproj", "{51180D5D-0BA4-4252-B9BD-9D45F8A46ABF}"
EndProject
Global
	GlobalSection(SolutionConfigurationPlatforms) = preSolution
		Debug|Any CPU = Debug|Any CPU
		Release|Any CPU = Release|Any CPU
	EndGlobalSection
	GlobalSection(ProjectConfigurationPlatforms) = postSolution
		{51180D5D-0BA4-4252-B9BD-9D45F8A46ABF}.Debug|Any CPU.ActiveCfg = Debug|Any CPU
		{51180D5D-0BA4-4252-B9BD-9D45F8A46ABF}.Debug|Any CPU.Build.0 = Debug|Any CPU
		{51180D5D-0BA4-4252-B9BD-9D45F8A46ABF}.Release|Any CPU.ActiveCfg = Release|Any CPU
		{51180D5D-0BA4-4252-B9BD-9D45F8A46ABF}.Release|Any CPU.Build.0 = Release|Any CPU
	EndGlobalSection
	GlobalSection(SolutionProperties) = preSolution
		HideSolutionNode = FALSE
	EndGlobalSection
	GlobalSection(ExtensibilityGlobals) = postSolution
		SolutionGuid = {33E04705-2497-4ECA-BD60-6AF32790E9B2}
	EndGlobalSection
EndGlobal
